
Microsoft Visual Studio Solution File, Format Version 12.00
# Visual Studio Version 16
VisualStudioVersion = 16.0.32126.315
MinimumVisualStudioVersion = 10.0.40219.1
Project("{FAE04EC0-301F-11D3-BF4B-00C04F79EFBC}") = "OOP_sem2_week3_Q3", "OOP_sem2_week3_Q3.csproj", "{3AF6FB9A-237D-401E-8A79-074B17B5F5A6}"
EndProject
Global
	GlobalSection(SolutionConfigurationPlatforms) = preSolution
		Debug|Any CPU = Debug|Any CPU
		Release|Any CPU = Release|Any CPU
	EndGlobalSection
	GlobalSection(ProjectConfigurationPlatforms) = postSolution
		{3AF6FB9A-237D-401E-8A79-074B17B5F5A6}.Debug|Any CPU.ActiveCfg = Debug|Any CPU
		{3AF6FB9A-237D-401E-8A79-074B17B5F5A6}.Debug|Any CPU.Build.0 = Debug|Any CPU
		{3AF6FB9A-237D-401E-8A79-074B17B5F5A6}.Release|Any CPU.ActiveCfg = Release|Any CPU
		{3AF6FB9A-237D-401E-8A79-074B17B5F5A6}.Release|Any CPU.Build.0 = Release|Any CPU
	EndGlobalSection
	GlobalSection(SolutionProperties) = preSolution
		HideSolutionNode = FALSE
	EndGlobalSection
	GlobalSection(ExtensibilityGlobals) = postSolution
		SolutionGuid = {9DAFF6AF-94A6-4F51-B0A4-75CB5DC5AA83}
	EndGlobalSection
EndGlobal
